{
  "name": "pi-extensions",
  "version": "file:../../../../Software/dots/dotfiles/pi/agent/npm",
  "lockfileVersion": 3,
  "requires": true,
  "packages": {
    "": {
      "name": "pi-extensions",
      "dependencies": {
        "pi-gh-dark-theme": "^0.1.0",
        "pi-nvim": "^0.2.1",
        "pi-vim": "^0.12.1"
      }
    },
    "../../../../Software/dots/dotfiles/pi/agent/npm/node_modules/pi-gh-dark-theme": {
      "version": "0.1.0",
      "resolved": "https://registry.npmjs.org/pi-gh-dark-theme/-/pi-gh-dark-theme-0.1.0.tgz",
      "integrity": "sha512-WXCVAyd6GLsNfw1R+h3TBM/HzBJ+gBl5V/zsbhm7ByFRaKMbVXlfMe6spf4X1P/NRDpNRJFJUESuBRoK8wcCgA==",
      "license": "MIT"
    },
    "../../../../Software/dots/dotfiles/pi/agent/npm/node_modules/pi-nvim": {
      "version": "0.2.1",
      "resolved": "https://registry.npmjs.org/pi-nvim/-/pi-nvim-0.2.1.tgz",
      "integrity": "sha512-SDxLOCG4DFDi28WZnxLJZRr5+aGKXNMLhF4Z5vpW8hq3Yv5na3xjsHDYiBEKOtbpkEbi74A+GHEhyTpW/s+IPQ==",
      "license": "MIT",
      "peerDependencies": {
        "@mariozechner/pi-coding-agent": "^0.61.0"
      },
      "peerDependenciesMeta": {
        "@mariozechner/pi-coding-agent": {
          "optional": true
        }
      }
    },
    "../../../../Software/dots/dotfiles/pi/agent/npm/node_modules/pi-vim": {
      "version": "0.12.1",
      "resolved": "https://registry.npmjs.org/pi-vim/-/pi-vim-0.12.1.tgz",
      "integrity": "sha512-zAPAS8+pMaM/gjqXZ1PAI3B+N/Q8Q3gWXX+TlUmu9bmBkmuN5XWXdq+6YAGD+W0aHR92HUnrM6o6oD+p8pSO5g==",
      "license": "MIT",
      "peerDependencies": {
        "@earendil-works/pi-coding-agent": "*",
        "@earendil-works/pi-tui": ">=0.74.0"
      }
    }
  }
}
