{
  "name": "pi-extensions",
  "version": "file:../../../../Software/dots/dotfiles/pi/agent/npm",
  "lockfileVersion": 3,
  "requires": true,
  "packages": {
    "": {
      "name": "pi-extensions",
      "dependencies": {
        "pi-gh-dark-theme": "^0.1.0",
        "pi-lens": "^3.8.53",
        "pi-nvim": "^0.2.1",
        "pi-vim": "^0.12.1",
        "pi-web-access": "^0.10.7"
      }
    },
    "../../../../Software/dots/dotfiles/pi/agent/npm/node_modules/@ast-grep/napi": {
      "version": "0.43.0",
      "resolved": "https://registry.npmjs.org/@ast-grep/napi/-/napi-0.43.0.tgz",
      "integrity": "sha512-dPugC04xwgk3gJl17jJvTjVjx1IXtWI9EcEQ0szlh0jg1UfvGDdZJo9/S9Pk7gzGBNd2bW8hIL3dG6K4T8PEJA==",
      "license": "MIT",
      "engines": {
        "node": ">= 10"
      },
      "optionalDependencies": {
        "@ast-grep/napi-darwin-arm64": "0.43.0",
        "@ast-grep/napi-darwin-x64": "0.43.0",
        "@ast-grep/napi-linux-arm64-gnu": "0.43.0",
        "@ast-grep/napi-linux-arm64-musl": "0.43.0",
        "@ast-grep/napi-linux-x64-gnu": "0.43.0",
        "@ast-grep/napi-linux-x64-musl": "0.43.0",
        "@ast-grep/napi-win32-arm64-msvc": "0.43.0",
        "@ast-grep/napi-win32-ia32-msvc": "0.43.0",
        "@ast-grep/napi-win32-x64-msvc": "0.43.0"
      }
    },
    "../../../../Software/dots/dotfiles/pi/agent/npm/node_modules/@ast-grep/napi-darwin-arm64": {
      "version": "0.43.0",
      "resolved": "https://registry.npmjs.org/@ast-grep/napi-darwin-arm64/-/napi-darwin-arm64-0.43.0.tgz",
      "integrity": "sha512-JBWYRNJsQ/8yfcMDARFxcl1fVZ6+kv3sHB+ClKgSCe9DNoLvGQfqGr9UGRrNOModvXY6cX+c87iAPqPGftUUiw==",
      "cpu": [
        "arm64"
      ],
      "license": "MIT",
      "optional": true,
      "os": [
        "darwin"
      ],
      "engines": {
        "node": ">= 10"
      }
    },
    "../../../../Software/dots/dotfiles/pi/agent/npm/node_modules/@ast-grep/napi-darwin-x64": {
      "version": "0.43.0",
      "resolved": "https://registry.npmjs.org/@ast-grep/napi-darwin-x64/-/napi-darwin-x64-0.43.0.tgz",
      "integrity": "sha512-oqE/bC/uAEctnAbzqobplidExsPym4CQq7JDVD9HpkHpDHzMzPBF69whv/Qu0ZwrkXr48GCMKO5G6p+OB5n+kQ==",
      "cpu": [
        "x64"
      ],
      "license": "MIT",
      "optional": true,
      "os": [
        "darwin"
      ],
      "engines": {
        "node": ">= 10"
      }
    },
    "../../../../Software/dots/dotfiles/pi/agent/npm/node_modules/@ast-grep/napi-linux-arm64-gnu": {
      "version": "0.43.0",
      "resolved": "https://registry.npmjs.org/@ast-grep/napi-linux-arm64-gnu/-/napi-linux-arm64-gnu-0.43.0.tgz",
      "integrity": "sha512-yJSRPxwwrvVW94J2rtaatcixSAGWcSaHNbAh6soXD6HXgq6I7uMc+cyMnJstFL789yd6Pu3QIhTlpD9VY0oYhw==",
      "cpu": [
        "arm64"
      ],
      "libc": [
        "glibc"
      ],
      "license": "MIT",
      "optional": true,
      "os": [
        "linux"
      ],
      "engines": {
        "node": ">= 10"
      }
    },
    "../../../../Software/dots/dotfiles/pi/agent/npm/node_modules/@ast-grep/napi-linux-arm64-musl": {
      "version": "0.43.0",
      "resolved": "https://registry.npmjs.org/@ast-grep/napi-linux-arm64-musl/-/napi-linux-arm64-musl-0.43.0.tgz",
      "integrity": "sha512-mknXLDsf66HvT/JEl18ZQSvR7/qWgWfqh3eHuVRqD2lE6cKBDXRnAzx9ZNZkUnL2Z5ph54Yk8dKVu09k45cegA==",
      "cpu": [
        "arm64"
      ],
      "libc": [
        "musl"
      ],
      "license": "MIT",
      "optional": true,
      "os": [
        "linux"
      ],
      "engines": {
        "node": ">= 10"
      }
    },
    "../../../../Software/dots/dotfiles/pi/agent/npm/node_modules/@ast-grep/napi-linux-x64-gnu": {
      "version": "0.43.0",
      "resolved": "https://registry.npmjs.org/@ast-grep/napi-linux-x64-gnu/-/napi-linux-x64-gnu-0.43.0.tgz",
      "integrity": "sha512-KM6M5KKFsHG9Y7VKCKnMsWQQ1sYwj/SPdyr91SKp66AeFJ5xMtXb13WVQ3Joe9NEsi84dzzOBIJgMddz+UMvQw==",
      "cpu": [
        "x64"
      ],
      "libc": [
        "glibc"
      ],
      "license": "MIT",
      "optional": true,
      "os": [
        "linux"
      ],
      "engines": {
        "node": ">= 10"
      }
    },
    "../../../../Software/dots/dotfiles/pi/agent/npm/node_modules/@ast-grep/napi-linux-x64-musl": {
      "version": "0.43.0",
      "resolved": "https://registry.npmjs.org/@ast-grep/napi-linux-x64-musl/-/napi-linux-x64-musl-0.43.0.tgz",
      "integrity": "sha512-NfjI74m7CEEOsLi7ZkYwcxY10CfKIHPHRrr9aqMulmnrC4FGvxQMk1qpDrTqkjmEd8LdZt3PsPrmBa8AZCErew==",
      "cpu": [
        "x64"
      ],
      "libc": [
        "musl"
      ],
      "license": "MIT",
      "optional": true,
      "os": [
        "linux"
      ],
      "engines": {
        "node": ">= 10"
      }
    },
    "../../../../Software/dots/dotfiles/pi/agent/npm/node_modules/@ast-grep/napi-win32-arm64-msvc": {
      "version": "0.43.0",
      "resolved": "https://registry.npmjs.org/@ast-grep/napi-win32-arm64-msvc/-/napi-win32-arm64-msvc-0.43.0.tgz",
      "integrity": "sha512-8qwXz3oogh834bXmNLtgsQYsuQi4ZDu4e1He/q+ENhVfjIr4IZRAUc1CoKZgWn+ZSE+B0NJJIxT8Vre2l0Q1Lg==",
      "cpu": [
        "arm64"
      ],
      "license": "MIT",
      "optional": true,
      "os": [
        "win32"
      ],
      "engines": {
        "node": ">= 10"
      }
    },
    "../../../../Software/dots/dotfiles/pi/agent/npm/node_modules/@ast-grep/napi-win32-ia32-msvc": {
      "version": "0.43.0",
      "resolved": "https://registry.npmjs.org/@ast-grep/napi-win32-ia32-msvc/-/napi-win32-ia32-msvc-0.43.0.tgz",
      "integrity": "sha512-wUI/B9QNPzi0K7LlyO7eWvwhqFChM6+O4r5dfBfnOlkP1s/AZ04FdYaC9KAZiODE4FCWbeHbfO03RYOdWeF6eg==",
      "cpu": [
        "ia32"
      ],
      "license": "MIT",
      "optional": true,
      "os": [
        "win32"
      ],
      "engines": {
        "node": ">= 10"
      }
    },
    "../../../../Software/dots/dotfiles/pi/agent/npm/node_modules/@ast-grep/napi-win32-x64-msvc": {
      "version": "0.43.0",
      "resolved": "https://registry.npmjs.org/@ast-grep/napi-win32-x64-msvc/-/napi-win32-x64-msvc-0.43.0.tgz",
      "integrity": "sha512-GsGIwYiThKiK9XPGBEguZAs4aIBgv6+DgosBs6ve2a3L390AaLqitoc+bbRz4Eu51URlFKmNP7TtvnAJbMi8QQ==",
      "cpu": [
        "x64"
      ],
      "license": "MIT",
      "optional": true,
      "os": [
        "win32"
      ],
      "engines": {
        "node": ">= 10"
      }
    },
    "../../../../Software/dots/dotfiles/pi/agent/npm/node_modules/@earendil-works/pi-tui": {
      "version": "0.79.4",
      "resolved": "https://registry.npmjs.org/@earendil-works/pi-tui/-/pi-tui-0.79.4.tgz",
      "integrity": "sha512-/ZhfFiHSBMH7AbDrBQIN+UWlJnl9tSEpLYICRGGMzmNfyCqX+30NYacIhyOEaD8R5rS6wJZysAOPU0yNwigbXw==",
      "license": "MIT",
      "dependencies": {
        "get-east-asian-width": "1.6.0",
        "marked": "15.0.12"
      },
      "engines": {
        "node": ">=22.19.0"
      }
    },
    "../../../../Software/dots/dotfiles/pi/agent/npm/node_modules/@mixmark-io/domino": {
      "version": "2.2.0",
      "resolved": "https://registry.npmjs.org/@mixmark-io/domino/-/domino-2.2.0.tgz",
      "integrity": "sha512-Y28PR25bHXUg88kCV7nivXrP2Nj2RueZ3/l/jdx6J9f8J4nsEGcgX0Qe6lt7Pa+J79+kPiJU3LguR6O/6zrLOw==",
      "license": "BSD-2-Clause"
    },
    "../../../../Software/dots/dotfiles/pi/agent/npm/node_modules/@mozilla/readability": {
      "version": "0.5.0",
      "resolved": "https://registry.npmjs.org/@mozilla/readability/-/readability-0.5.0.tgz",
      "integrity": "sha512-Z+CZ3QaosfFaTqvhQsIktyGrjFjSC0Fa4EMph4mqKnWhmyoGICsV/8QK+8HpXut6zV7zwfWwqDmEjtk1Qf6EgQ==",
      "license": "Apache-2.0",
      "engines": {
        "node": ">=14.0.0"
      }
    },
    "../../../../Software/dots/dotfiles/pi/agent/npm/node_modules/argparse": {
      "version": "2.0.1",
      "resolved": "https://registry.npmjs.org/argparse/-/argparse-2.0.1.tgz",
      "integrity": "sha512-8+9WqebbFzpX9OR+Wa6O29asIogeRMzcGtAINdpMHHyAg10f05aSFVBbcEqGf/PXw1EjAZ+q2/bEBg3DvurK3Q==",
      "license": "Python-2.0"
    },
    "../../../../Software/dots/dotfiles/pi/agent/npm/node_modules/balanced-match": {
      "version": "4.0.4",
      "resolved": "https://registry.npmjs.org/balanced-match/-/balanced-match-4.0.4.tgz",
      "integrity": "sha512-BLrgEcRTwX2o6gGxGOCNyMvGSp35YofuYzw9h1IMTRmKqttAZZVU67bdb9Pr2vUHA8+j3i2tJfjO6C6+4myGTA==",
      "license": "MIT",
      "engines": {
        "node": "18 || 20 || >=22"
      }
    },
    "../../../../Software/dots/dotfiles/pi/agent/npm/node_modules/boolbase": {
      "version": "1.0.0",
      "resolved": "https://registry.npmjs.org/boolbase/-/boolbase-1.0.0.tgz",
      "integrity": "sha512-JZOSA7Mo9sNGB8+UjSgzdLtokWAky1zbztM3WRLCbZ70/3cTANmQmOdR7y2g+J0e2WXywy1yS468tY+IruqEww==",
      "license": "ISC"
    },
    "../../../../Software/dots/dotfiles/pi/agent/npm/node_modules/brace-expansion": {
      "version": "5.0.6",
      "resolved": "https://registry.npmjs.org/brace-expansion/-/brace-expansion-5.0.6.tgz",
      "integrity": "sha512-kLpxurY4Z4r9sgMsyG0Z9uzsBlgiU/EFKhj/h91/8yHu0edo7XuixOIH3VcJ8kkxs6/jPzoI6U9Vj3WqbMQ94g==",
      "license": "MIT",
      "dependencies": {
        "balanced-match": "^4.0.2"
      },
      "engines": {
        "node": "18 || 20 || >=22"
      }
    },
    "../../../../Software/dots/dotfiles/pi/agent/npm/node_modules/css-select": {
      "version": "5.2.2",
      "resolved": "https://registry.npmjs.org/css-select/-/css-select-5.2.2.tgz",
      "integrity": "sha512-TizTzUddG/xYLA3NXodFM0fSbNizXjOKhqiQQwvhlspadZokn1KDy0NZFS0wuEubIYAV5/c1/lAr0TaaFXEXzw==",
      "license": "BSD-2-Clause",
      "dependencies": {
        "boolbase": "^1.0.0",
        "css-what": "^6.1.0",
        "domhandler": "^5.0.2",
        "domutils": "^3.0.1",
        "nth-check": "^2.0.1"
      },
      "funding": {
        "url": "https://github.com/sponsors/fb55"
      }
    },
    "../../../../Software/dots/dotfiles/pi/agent/npm/node_modules/css-what": {
      "version": "6.2.2",
      "resolved": "https://registry.npmjs.org/css-what/-/css-what-6.2.2.tgz",
      "integrity": "sha512-u/O3vwbptzhMs3L1fQE82ZSLHQQfto5gyZzwteVIEyeaY5Fc7R4dapF/BvRoSYFeqfBk4m0V1Vafq5Pjv25wvA==",
      "license": "BSD-2-Clause",
      "engines": {
        "node": ">= 6"
      },
      "funding": {
        "url": "https://github.com/sponsors/fb55"
      }
    },
    "../../../../Software/dots/dotfiles/pi/agent/npm/node_modules/cssom": {
      "version": "0.5.0",
      "resolved": "https://registry.npmjs.org/cssom/-/cssom-0.5.0.tgz",
      "integrity": "sha512-iKuQcq+NdHqlAcwUY0o/HL69XQrUaQdMjmStJ8JFmUaiiQErlhrmuigkg/CU4E2J0IyUKUrMAgl36TvN67MqTw==",
      "license": "MIT"
    },
    "../../../../Software/dots/dotfiles/pi/agent/npm/node_modules/dom-serializer": {
      "version": "2.0.0",
      "resolved": "https://registry.npmjs.org/dom-serializer/-/dom-serializer-2.0.0.tgz",
      "integrity": "sha512-wIkAryiqt/nV5EQKqQpo3SToSOV9J0DnbJqwK7Wv/Trc92zIAYZ4FlMu+JPFW1DfGFt81ZTCGgDEabffXeLyJg==",
      "license": "MIT",
      "dependencies": {
        "domelementtype": "^2.3.0",
        "domhandler": "^5.0.2",
        "entities": "^4.2.0"
      },
      "funding": {
        "url": "https://github.com/cheeriojs/dom-serializer?sponsor=1"
      }
    },
    "../../../../Software/dots/dotfiles/pi/agent/npm/node_modules/domelementtype": {
      "version": "2.3.0",
      "resolved": "https://registry.npmjs.org/domelementtype/-/domelementtype-2.3.0.tgz",
      "integrity": "sha512-OLETBj6w0OsagBwdXnPdN0cnMfF9opN69co+7ZrbfPGrdpPVNBUj02spi6B1N7wChLQiPn4CSH/zJvXw56gmHw==",
      "funding": [
        {
          "type": "github",
          "url": "https://github.com/sponsors/fb55"
        }
      ],
      "license": "BSD-2-Clause"
    },
    "../../../../Software/dots/dotfiles/pi/agent/npm/node_modules/domhandler": {
      "version": "5.0.3",
      "resolved": "https://registry.npmjs.org/domhandler/-/domhandler-5.0.3.tgz",
      "integrity": "sha512-cgwlv/1iFQiFnU96XXgROh8xTeetsnJiDsTc7TYCLFd9+/WNkIqPTxiM/8pSd8VIrhXGTf1Ny1q1hquVqDJB5w==",
      "license": "BSD-2-Clause",
      "dependencies": {
        "domelementtype": "^2.3.0"
      },
      "engines": {
        "node": ">= 4"
      },
      "funding": {
        "url": "https://github.com/fb55/domhandler?sponsor=1"
      }
    },
    "../../../../Software/dots/dotfiles/pi/agent/npm/node_modules/domutils": {
      "version": "3.2.2",
      "resolved": "https://registry.npmjs.org/domutils/-/domutils-3.2.2.tgz",
      "integrity": "sha512-6kZKyUajlDuqlHKVX1w7gyslj9MPIXzIFiz/rGu35uC1wMi+kMhQwGhl4lt9unC9Vb9INnY9Z3/ZA3+FhASLaw==",
      "license": "BSD-2-Clause",
      "dependencies": {
        "dom-serializer": "^2.0.0",
        "domelementtype": "^2.3.0",
        "domhandler": "^5.0.3"
      },
      "funding": {
        "url": "https://github.com/fb55/domutils?sponsor=1"
      }
    },
    "../../../../Software/dots/dotfiles/pi/agent/npm/node_modules/entities": {
      "version": "4.5.0",
      "resolved": "https://registry.npmjs.org/entities/-/entities-4.5.0.tgz",
      "integrity": "sha512-V0hjH4dGPh9Ao5p0MoRY6BVqtwCjhz6vI5LT8AJ55H+4g9/4vbHx1I54fS0XuclLhDHArPQCiMjDxjaL8fPxhw==",
      "license": "BSD-2-Clause",
      "engines": {
        "node": ">=0.12"
      },
      "funding": {
        "url": "https://github.com/fb55/entities?sponsor=1"
      }
    },
    "../../../../Software/dots/dotfiles/pi/agent/npm/node_modules/get-east-asian-width": {
      "version": "1.6.0",
      "resolved": "https://registry.npmjs.org/get-east-asian-width/-/get-east-asian-width-1.6.0.tgz",
      "integrity": "sha512-QRbvDIbx6YklUe6RxeTeleMR0yv3cYH6PsPZHcnVn7xv7zO1BHN8r0XETu8n6Ye3Q+ahtSarc3WgtNWmehIBfA==",
      "license": "MIT",
      "engines": {
        "node": ">=18"
      },
      "funding": {
        "url": "https://github.com/sponsors/sindresorhus"
      }
    },
    "../../../../Software/dots/dotfiles/pi/agent/npm/node_modules/html-escaper": {
      "version": "3.0.3",
      "resolved": "https://registry.npmjs.org/html-escaper/-/html-escaper-3.0.3.tgz",
      "integrity": "sha512-RuMffC89BOWQoY0WKGpIhn5gX3iI54O6nRA0yC124NYVtzjmFWBIiFd8M0x+ZdX0P9R4lADg1mgP8C7PxGOWuQ==",
      "license": "MIT"
    },
    "../../../../Software/dots/dotfiles/pi/agent/npm/node_modules/htmlparser2": {
      "version": "9.1.0",
      "resolved": "https://registry.npmjs.org/htmlparser2/-/htmlparser2-9.1.0.tgz",
      "integrity": "sha512-5zfg6mHUoaer/97TxnGpxmbR7zJtPwIYFMZ/H5ucTlPZhKvtum05yiPK3Mgai3a0DyVxv7qYqoweaEd2nrYQzQ==",
      "funding": [
        "https://github.com/fb55/htmlparser2?sponsor=1",
        {
          "type": "github",
          "url": "https://github.com/sponsors/fb55"
        }
      ],
      "license": "MIT",
      "dependencies": {
        "domelementtype": "^2.3.0",
        "domhandler": "^5.0.3",
        "domutils": "^3.1.0",
        "entities": "^4.5.0"
      }
    },
    "../../../../Software/dots/dotfiles/pi/agent/npm/node_modules/js-yaml": {
      "version": "4.2.0",
      "resolved": "https://registry.npmjs.org/js-yaml/-/js-yaml-4.2.0.tgz",
      "integrity": "sha512-ePWsvanv0DWuDRsW8dnt+R4jQ31SCRCQ7hhNcPXZPsoBZiemuZNYGf7adZdqX2D86j6rvKp3RpCxVTSb8WQlOw==",
      "funding": [
        {
          "type": "github",
          "url": "https://github.com/sponsors/puzrin"
        },
        {
          "type": "github",
          "url": "https://github.com/sponsors/nodeca"
        }
      ],
      "license": "MIT",
      "dependencies": {
        "argparse": "^2.0.1"
      },
      "bin": {
        "js-yaml": "bin/js-yaml.js"
      }
    },
    "../../../../Software/dots/dotfiles/pi/agent/npm/node_modules/linkedom": {
      "version": "0.16.11",
      "resolved": "https://registry.npmjs.org/linkedom/-/linkedom-0.16.11.tgz",
      "integrity": "sha512-WgaTVbj7itjyXTsCvgerpneERXShcnNJF5VIV+/4SLtyRLN+HppPre/WDHRofAr2IpEuujSNgJbCBd5lMl6lRw==",
      "license": "ISC",
      "dependencies": {
        "css-select": "^5.1.0",
        "cssom": "^0.5.0",
        "html-escaper": "^3.0.3",
        "htmlparser2": "^9.1.0",
        "uhyphen": "^0.2.0"
      }
    },
    "../../../../Software/dots/dotfiles/pi/agent/npm/node_modules/marked": {
      "version": "15.0.12",
      "resolved": "https://registry.npmjs.org/marked/-/marked-15.0.12.tgz",
      "integrity": "sha512-8dD6FusOQSrpv9Z1rdNMdlSgQOIP880DHqnohobOmYLElGEqAL/JvxvuxZO16r4HtjTlfPRDC1hbvxC9dPN2nA==",
      "license": "MIT",
      "bin": {
        "marked": "bin/marked.js"
      },
      "engines": {
        "node": ">= 18"
      }
    },
    "../../../../Software/dots/dotfiles/pi/agent/npm/node_modules/minimatch": {
      "version": "10.2.5",
      "resolved": "https://registry.npmjs.org/minimatch/-/minimatch-10.2.5.tgz",
      "integrity": "sha512-MULkVLfKGYDFYejP07QOurDLLQpcjk7Fw+7jXS2R2czRQzR56yHRveU5NDJEOviH+hETZKSkIk5c+T23GjFUMg==",
      "license": "BlueOak-1.0.0",
      "dependencies": {
        "brace-expansion": "^5.0.5"
      },
      "engines": {
        "node": "18 || 20 || >=22"
      },
      "funding": {
        "url": "https://github.com/sponsors/isaacs"
      }
    },
    "../../../../Software/dots/dotfiles/pi/agent/npm/node_modules/nth-check": {
      "version": "2.1.1",
      "resolved": "https://registry.npmjs.org/nth-check/-/nth-check-2.1.1.tgz",
      "integrity": "sha512-lqjrjmaOoAnWfMmBPL+XNnynZh2+swxiX3WUE0s4yEHI6m+AwrK2UZOimIRl3X/4QctVqS8AiZjFqyOGrMXb/w==",
      "license": "BSD-2-Clause",
      "dependencies": {
        "boolbase": "^1.0.0"
      },
      "funding": {
        "url": "https://github.com/fb55/nth-check?sponsor=1"
      }
    },
    "../../../../Software/dots/dotfiles/pi/agent/npm/node_modules/p-limit": {
      "version": "6.2.0",
      "resolved": "https://registry.npmjs.org/p-limit/-/p-limit-6.2.0.tgz",
      "integrity": "sha512-kuUqqHNUqoIWp/c467RI4X6mmyuojY5jGutNU0wVTmEOOfcuwLqyMVoAi9MKi2Ak+5i9+nhmrK4ufZE8069kHA==",
      "license": "MIT",
      "dependencies": {
        "yocto-queue": "^1.1.1"
      },
      "engines": {
        "node": ">=18"
      },
      "funding": {
        "url": "https://github.com/sponsors/sindresorhus"
      }
    },
    "../../../../Software/dots/dotfiles/pi/agent/npm/node_modules/pi-gh-dark-theme": {
      "version": "0.1.0",
      "resolved": "https://registry.npmjs.org/pi-gh-dark-theme/-/pi-gh-dark-theme-0.1.0.tgz",
      "integrity": "sha512-WXCVAyd6GLsNfw1R+h3TBM/HzBJ+gBl5V/zsbhm7ByFRaKMbVXlfMe6spf4X1P/NRDpNRJFJUESuBRoK8wcCgA==",
      "license": "MIT"
    },
    "../../../../Software/dots/dotfiles/pi/agent/npm/node_modules/pi-lens": {
      "version": "3.8.53",
      "resolved": "https://registry.npmjs.org/pi-lens/-/pi-lens-3.8.53.tgz",
      "integrity": "sha512-kM6X9W1PlOgtoa93tyTW1bzU+hhDy7HjTFwLUd7VybDmgQpRmyZbAlrf0rb2AaSSpOqaCz5QAD/APxLjPXSYKQ==",
      "hasInstallScript": true,
      "license": "MIT",
      "dependencies": {
        "@ast-grep/napi": "^0.43.0",
        "@earendil-works/pi-tui": "^0.79.1",
        "js-yaml": "^4.1.1",
        "minimatch": "^10.2.5",
        "typebox": "^1.0.0",
        "typescript": "^6.0.3",
        "vscode-jsonrpc": "^9.0.0"
      },
      "bin": {
        "pi-lens-analyze": "dist/mcp/analyze-cli.js",
        "pi-lens-mcp": "dist/mcp/server.js"
      },
      "optionalDependencies": {
        "tree-sitter-wasms": "npm:null@^0.11.0",
        "web-tree-sitter": "0.25.10"
      },
      "peerDependencies": {
        "@earendil-works/pi-coding-agent": "*"
      },
      "peerDependenciesMeta": {
        "@earendil-works/pi-coding-agent": {
          "optional": true
        }
      }
    },
    "../../../../Software/dots/dotfiles/pi/agent/npm/node_modules/pi-nvim": {
      "version": "0.2.4",
      "resolved": "https://registry.npmjs.org/pi-nvim/-/pi-nvim-0.2.4.tgz",
      "integrity": "sha512-d03Lr+vIQp17QGrA5H9YQuv6dxKUxCQywUNVmhhsI4EGnX/aHBz9svoYtI4WRlnx2VA/BsUbjPcbJ20Q84+T0g==",
      "license": "MIT",
      "peerDependencies": {
        "@earendil-works/pi-coding-agent": "^0.74.0"
      },
      "peerDependenciesMeta": {
        "@earendil-works/pi-coding-agent": {
          "optional": true
        }
      }
    },
    "../../../../Software/dots/dotfiles/pi/agent/npm/node_modules/pi-vim": {
      "version": "0.12.1",
      "resolved": "https://registry.npmjs.org/pi-vim/-/pi-vim-0.12.1.tgz",
      "integrity": "sha512-zAPAS8+pMaM/gjqXZ1PAI3B+N/Q8Q3gWXX+TlUmu9bmBkmuN5XWXdq+6YAGD+W0aHR92HUnrM6o6oD+p8pSO5g==",
      "license": "MIT",
      "peerDependencies": {
        "@earendil-works/pi-coding-agent": "*",
        "@earendil-works/pi-tui": ">=0.74.0"
      }
    },
    "../../../../Software/dots/dotfiles/pi/agent/npm/node_modules/pi-web-access": {
      "version": "0.10.7",
      "resolved": "https://registry.npmjs.org/pi-web-access/-/pi-web-access-0.10.7.tgz",
      "integrity": "sha512-HbRN2dMGpgvtUrpTI4EEWKXDs/miZ+9s9ZOQl4uj9tb4NhRYTuXNrztrUAD1PPNP5XkFi0vosUwz7GbGGchZSw==",
      "license": "MIT",
      "dependencies": {
        "@mozilla/readability": "^0.5.0",
        "linkedom": "^0.16.0",
        "p-limit": "^6.1.0",
        "turndown": "^7.2.0",
        "unpdf": "^1.6.2"
      }
    },
    "../../../../Software/dots/dotfiles/pi/agent/npm/node_modules/turndown": {
      "version": "7.2.4",
      "resolved": "https://registry.npmjs.org/turndown/-/turndown-7.2.4.tgz",
      "integrity": "sha512-I8yFsfRzmzK0WV1pNNOA4A7y4RDfFxPRxb3t+e3ui14qSGOxGtiSP6GjeX+Y6CHb7HYaFj7ECUD7VE5kQMZWGQ==",
      "license": "MIT",
      "dependencies": {
        "@mixmark-io/domino": "^2.2.0"
      },
      "engines": {
        "node": ">=18",
        "npm": ">=9"
      }
    },
    "../../../../Software/dots/dotfiles/pi/agent/npm/node_modules/typebox": {
      "version": "1.2.13",
      "resolved": "https://registry.npmjs.org/typebox/-/typebox-1.2.13.tgz",
      "integrity": "sha512-7bRoSs2aqbiXQ8D/xLG9HVdNqk0poSMkmXjWHi+Yex0Cg6+NQoqJTFAOWNA4mHpW57OEzRvd1pqKOIte7ICPoA==",
      "license": "MIT"
    },
    "../../../../Software/dots/dotfiles/pi/agent/npm/node_modules/typescript": {
      "version": "6.0.3",
      "resolved": "https://registry.npmjs.org/typescript/-/typescript-6.0.3.tgz",
      "integrity": "sha512-y2TvuxSZPDyQakkFRPZHKFm+KKVqIisdg9/CZwm9ftvKXLP8NRWj38/ODjNbr43SsoXqNuAisEf1GdCxqWcdBw==",
      "license": "Apache-2.0",
      "bin": {
        "tsc": "bin/tsc",
        "tsserver": "bin/tsserver"
      },
      "engines": {
        "node": ">=14.17"
      }
    },
    "../../../../Software/dots/dotfiles/pi/agent/npm/node_modules/uhyphen": {
      "version": "0.2.0",
      "resolved": "https://registry.npmjs.org/uhyphen/-/uhyphen-0.2.0.tgz",
      "integrity": "sha512-qz3o9CHXmJJPGBdqzab7qAYuW8kQGKNEuoHFYrBwV6hWIMcpAmxDLXojcHfFr9US1Pe6zUswEIJIbLI610fuqA==",
      "license": "ISC"
    },
    "../../../../Software/dots/dotfiles/pi/agent/npm/node_modules/unpdf": {
      "version": "1.6.2",
      "resolved": "https://registry.npmjs.org/unpdf/-/unpdf-1.6.2.tgz",
      "integrity": "sha512-zQ80ySoPuPHOsvIoRp/nJyQt8TOUoTh1+WBCGcBvlddQNgKDLRwm0AY3x8Q35I7+kIiRSgqMx+Ma2pl9McIp7A==",
      "license": "MIT",
      "peerDependencies": {
        "@napi-rs/canvas": "^0.1.69"
      },
      "peerDependenciesMeta": {
        "@napi-rs/canvas": {
          "optional": true
        }
      }
    },
    "../../../../Software/dots/dotfiles/pi/agent/npm/node_modules/vscode-jsonrpc": {
      "version": "9.0.0",
      "resolved": "https://registry.npmjs.org/vscode-jsonrpc/-/vscode-jsonrpc-9.0.0.tgz",
      "integrity": "sha512-+VvMmQPJhtvJ+8O+zu2JKIRiLxXF8NW7krWgyMGeOHrp4Cn23T5hc0v2LknNeopDOB70wghHAds7mKtcZ0I4Sg==",
      "license": "MIT",
      "engines": {
        "node": ">=14.0.0"
      }
    },
    "../../../../Software/dots/dotfiles/pi/agent/npm/node_modules/web-tree-sitter": {
      "version": "0.25.10",
      "resolved": "https://registry.npmjs.org/web-tree-sitter/-/web-tree-sitter-0.25.10.tgz",
      "integrity": "sha512-Y09sF44/13XvgVKgO2cNDw5rGk6s26MgoZPXLESvMXeefBf7i6/73eFurre0IsTW6E14Y0ArIzhUMmjoc7xyzA==",
      "license": "MIT",
      "optional": true,
      "peerDependencies": {
        "@types/emscripten": "^1.40.0"
      },
      "peerDependenciesMeta": {
        "@types/emscripten": {
          "optional": true
        }
      }
    },
    "../../../../Software/dots/dotfiles/pi/agent/npm/node_modules/yocto-queue": {
      "version": "1.2.2",
      "resolved": "https://registry.npmjs.org/yocto-queue/-/yocto-queue-1.2.2.tgz",
      "integrity": "sha512-4LCcse/U2MHZ63HAJVE+v71o7yOdIe4cZ70Wpf8D/IyjDKYQLV5GD46B+hSTjJsvV5PztjvHoU580EftxjDZFQ==",
      "license": "MIT",
      "engines": {
        "node": ">=12.20"
      },
      "funding": {
        "url": "https://github.com/sponsors/sindresorhus"
      }
    },
    "../../../../Software/dots/Software/dots/dotfiles/pi/agent/npm/node_modules/@ast-grep/napi": {
      "version": "0.43.0",
      "resolved": "https://registry.npmjs.org/@ast-grep/napi/-/napi-0.43.0.tgz",
      "integrity": "sha512-dPugC04xwgk3gJl17jJvTjVjx1IXtWI9EcEQ0szlh0jg1UfvGDdZJo9/S9Pk7gzGBNd2bW8hIL3dG6K4T8PEJA==",
      "extraneous": true,
      "license": "MIT",
      "engines": {
        "node": ">= 10"
      },
      "optionalDependencies": {
        "@ast-grep/napi-darwin-arm64": "0.43.0",
        "@ast-grep/napi-darwin-x64": "0.43.0",
        "@ast-grep/napi-linux-arm64-gnu": "0.43.0",
        "@ast-grep/napi-linux-arm64-musl": "0.43.0",
        "@ast-grep/napi-linux-x64-gnu": "0.43.0",
        "@ast-grep/napi-linux-x64-musl": "0.43.0",
        "@ast-grep/napi-win32-arm64-msvc": "0.43.0",
        "@ast-grep/napi-win32-ia32-msvc": "0.43.0",
        "@ast-grep/napi-win32-x64-msvc": "0.43.0"
      }
    },
    "../../../../Software/dots/Software/dots/dotfiles/pi/agent/npm/node_modules/@ast-grep/napi-darwin-arm64": {
      "version": "0.43.0",
      "resolved": "https://registry.npmjs.org/@ast-grep/napi-darwin-arm64/-/napi-darwin-arm64-0.43.0.tgz",
      "integrity": "sha512-JBWYRNJsQ/8yfcMDARFxcl1fVZ6+kv3sHB+ClKgSCe9DNoLvGQfqGr9UGRrNOModvXY6cX+c87iAPqPGftUUiw==",
      "cpu": [
        "arm64"
      ],
      "extraneous": true,
      "license": "MIT",
      "os": [
        "darwin"
      ],
      "engines": {
        "node": ">= 10"
      }
    },
    "../../../../Software/dots/Software/dots/dotfiles/pi/agent/npm/node_modules/@ast-grep/napi-darwin-x64": {
      "version": "0.43.0",
      "resolved": "https://registry.npmjs.org/@ast-grep/napi-darwin-x64/-/napi-darwin-x64-0.43.0.tgz",
      "integrity": "sha512-oqE/bC/uAEctnAbzqobplidExsPym4CQq7JDVD9HpkHpDHzMzPBF69whv/Qu0ZwrkXr48GCMKO5G6p+OB5n+kQ==",
      "cpu": [
        "x64"
      ],
      "extraneous": true,
      "license": "MIT",
      "os": [
        "darwin"
      ],
      "engines": {
        "node": ">= 10"
      }
    },
    "../../../../Software/dots/Software/dots/dotfiles/pi/agent/npm/node_modules/@ast-grep/napi-linux-arm64-gnu": {
      "version": "0.43.0",
      "resolved": "https://registry.npmjs.org/@ast-grep/napi-linux-arm64-gnu/-/napi-linux-arm64-gnu-0.43.0.tgz",
      "integrity": "sha512-yJSRPxwwrvVW94J2rtaatcixSAGWcSaHNbAh6soXD6HXgq6I7uMc+cyMnJstFL789yd6Pu3QIhTlpD9VY0oYhw==",
      "cpu": [
        "arm64"
      ],
      "extraneous": true,
      "libc": [
        "glibc"
      ],
      "license": "MIT",
      "os": [
        "linux"
      ],
      "engines": {
        "node": ">= 10"
      }
    },
    "../../../../Software/dots/Software/dots/dotfiles/pi/agent/npm/node_modules/@ast-grep/napi-linux-arm64-musl": {
      "version": "0.43.0",
      "resolved": "https://registry.npmjs.org/@ast-grep/napi-linux-arm64-musl/-/napi-linux-arm64-musl-0.43.0.tgz",
      "integrity": "sha512-mknXLDsf66HvT/JEl18ZQSvR7/qWgWfqh3eHuVRqD2lE6cKBDXRnAzx9ZNZkUnL2Z5ph54Yk8dKVu09k45cegA==",
      "cpu": [
        "arm64"
      ],
      "extraneous": true,
      "libc": [
        "musl"
      ],
      "license": "MIT",
      "os": [
        "linux"
      ],
      "engines": {
        "node": ">= 10"
      }
    },
    "../../../../Software/dots/Software/dots/dotfiles/pi/agent/npm/node_modules/@ast-grep/napi-linux-x64-gnu": {
      "version": "0.43.0",
      "resolved": "https://registry.npmjs.org/@ast-grep/napi-linux-x64-gnu/-/napi-linux-x64-gnu-0.43.0.tgz",
      "integrity": "sha512-KM6M5KKFsHG9Y7VKCKnMsWQQ1sYwj/SPdyr91SKp66AeFJ5xMtXb13WVQ3Joe9NEsi84dzzOBIJgMddz+UMvQw==",
      "cpu": [
        "x64"
      ],
      "extraneous": true,
      "libc": [
        "glibc"
      ],
      "license": "MIT",
      "os": [
        "linux"
      ],
      "engines": {
        "node": ">= 10"
      }
    },
    "../../../../Software/dots/Software/dots/dotfiles/pi/agent/npm/node_modules/@ast-grep/napi-linux-x64-musl": {
      "version": "0.43.0",
      "resolved": "https://registry.npmjs.org/@ast-grep/napi-linux-x64-musl/-/napi-linux-x64-musl-0.43.0.tgz",
      "integrity": "sha512-NfjI74m7CEEOsLi7ZkYwcxY10CfKIHPHRrr9aqMulmnrC4FGvxQMk1qpDrTqkjmEd8LdZt3PsPrmBa8AZCErew==",
      "cpu": [
        "x64"
      ],
      "extraneous": true,
      "libc": [
        "musl"
      ],
      "license": "MIT",
      "os": [
        "linux"
      ],
      "engines": {
        "node": ">= 10"
      }
    },
    "../../../../Software/dots/Software/dots/dotfiles/pi/agent/npm/node_modules/@ast-grep/napi-win32-arm64-msvc": {
      "version": "0.43.0",
      "resolved": "https://registry.npmjs.org/@ast-grep/napi-win32-arm64-msvc/-/napi-win32-arm64-msvc-0.43.0.tgz",
      "integrity": "sha512-8qwXz3oogh834bXmNLtgsQYsuQi4ZDu4e1He/q+ENhVfjIr4IZRAUc1CoKZgWn+ZSE+B0NJJIxT8Vre2l0Q1Lg==",
      "cpu": [
        "arm64"
      ],
      "extraneous": true,
      "license": "MIT",
      "os": [
        "win32"
      ],
      "engines": {
        "node": ">= 10"
      }
    },
    "../../../../Software/dots/Software/dots/dotfiles/pi/agent/npm/node_modules/@ast-grep/napi-win32-ia32-msvc": {
      "version": "0.43.0",
      "resolved": "https://registry.npmjs.org/@ast-grep/napi-win32-ia32-msvc/-/napi-win32-ia32-msvc-0.43.0.tgz",
      "integrity": "sha512-wUI/B9QNPzi0K7LlyO7eWvwhqFChM6+O4r5dfBfnOlkP1s/AZ04FdYaC9KAZiODE4FCWbeHbfO03RYOdWeF6eg==",
      "cpu": [
        "ia32"
      ],
      "extraneous": true,
      "license": "MIT",
      "os": [
        "win32"
      ],
      "engines": {
        "node": ">= 10"
      }
    },
    "../../../../Software/dots/Software/dots/dotfiles/pi/agent/npm/node_modules/@ast-grep/napi-win32-x64-msvc": {
      "version": "0.43.0",
      "resolved": "https://registry.npmjs.org/@ast-grep/napi-win32-x64-msvc/-/napi-win32-x64-msvc-0.43.0.tgz",
      "integrity": "sha512-GsGIwYiThKiK9XPGBEguZAs4aIBgv6+DgosBs6ve2a3L390AaLqitoc+bbRz4Eu51URlFKmNP7TtvnAJbMi8QQ==",
      "cpu": [
        "x64"
      ],
      "extraneous": true,
      "license": "MIT",
      "os": [
        "win32"
      ],
      "engines": {
        "node": ">= 10"
      }
    },
    "../../../../Software/dots/Software/dots/dotfiles/pi/agent/npm/node_modules/@earendil-works/pi-tui": {
      "version": "0.79.4",
      "resolved": "https://registry.npmjs.org/@earendil-works/pi-tui/-/pi-tui-0.79.4.tgz",
      "integrity": "sha512-/ZhfFiHSBMH7AbDrBQIN+UWlJnl9tSEpLYICRGGMzmNfyCqX+30NYacIhyOEaD8R5rS6wJZysAOPU0yNwigbXw==",
      "extraneous": true,
      "license": "MIT",
      "dependencies": {
        "get-east-asian-width": "1.6.0",
        "marked": "15.0.12"
      },
      "engines": {
        "node": ">=22.19.0"
      }
    },
    "../../../../Software/dots/Software/dots/dotfiles/pi/agent/npm/node_modules/argparse": {
      "version": "2.0.1",
      "resolved": "https://registry.npmjs.org/argparse/-/argparse-2.0.1.tgz",
      "integrity": "sha512-8+9WqebbFzpX9OR+Wa6O29asIogeRMzcGtAINdpMHHyAg10f05aSFVBbcEqGf/PXw1EjAZ+q2/bEBg3DvurK3Q==",
      "extraneous": true,
      "license": "Python-2.0"
    },
    "../../../../Software/dots/Software/dots/dotfiles/pi/agent/npm/node_modules/balanced-match": {
      "version": "4.0.4",
      "resolved": "https://registry.npmjs.org/balanced-match/-/balanced-match-4.0.4.tgz",
      "integrity": "sha512-BLrgEcRTwX2o6gGxGOCNyMvGSp35YofuYzw9h1IMTRmKqttAZZVU67bdb9Pr2vUHA8+j3i2tJfjO6C6+4myGTA==",
      "extraneous": true,
      "license": "MIT",
      "engines": {
        "node": "18 || 20 || >=22"
      }
    },
    "../../../../Software/dots/Software/dots/dotfiles/pi/agent/npm/node_modules/brace-expansion": {
      "version": "5.0.6",
      "resolved": "https://registry.npmjs.org/brace-expansion/-/brace-expansion-5.0.6.tgz",
      "integrity": "sha512-kLpxurY4Z4r9sgMsyG0Z9uzsBlgiU/EFKhj/h91/8yHu0edo7XuixOIH3VcJ8kkxs6/jPzoI6U9Vj3WqbMQ94g==",
      "extraneous": true,
      "license": "MIT",
      "dependencies": {
        "balanced-match": "^4.0.2"
      },
      "engines": {
        "node": "18 || 20 || >=22"
      }
    },
    "../../../../Software/dots/Software/dots/dotfiles/pi/agent/npm/node_modules/get-east-asian-width": {
      "version": "1.6.0",
      "resolved": "https://registry.npmjs.org/get-east-asian-width/-/get-east-asian-width-1.6.0.tgz",
      "integrity": "sha512-QRbvDIbx6YklUe6RxeTeleMR0yv3cYH6PsPZHcnVn7xv7zO1BHN8r0XETu8n6Ye3Q+ahtSarc3WgtNWmehIBfA==",
      "extraneous": true,
      "license": "MIT",
      "engines": {
        "node": ">=18"
      },
      "funding": {
        "url": "https://github.com/sponsors/sindresorhus"
      }
    },
    "../../../../Software/dots/Software/dots/dotfiles/pi/agent/npm/node_modules/js-yaml": {
      "version": "4.2.0",
      "resolved": "https://registry.npmjs.org/js-yaml/-/js-yaml-4.2.0.tgz",
      "integrity": "sha512-ePWsvanv0DWuDRsW8dnt+R4jQ31SCRCQ7hhNcPXZPsoBZiemuZNYGf7adZdqX2D86j6rvKp3RpCxVTSb8WQlOw==",
      "extraneous": true,
      "funding": [
        {
          "type": "github",
          "url": "https://github.com/sponsors/puzrin"
        },
        {
          "type": "github",
          "url": "https://github.com/sponsors/nodeca"
        }
      ],
      "license": "MIT",
      "dependencies": {
        "argparse": "^2.0.1"
      },
      "bin": {
        "js-yaml": "bin/js-yaml.js"
      }
    },
    "../../../../Software/dots/Software/dots/dotfiles/pi/agent/npm/node_modules/marked": {
      "version": "15.0.12",
      "resolved": "https://registry.npmjs.org/marked/-/marked-15.0.12.tgz",
      "integrity": "sha512-8dD6FusOQSrpv9Z1rdNMdlSgQOIP880DHqnohobOmYLElGEqAL/JvxvuxZO16r4HtjTlfPRDC1hbvxC9dPN2nA==",
      "extraneous": true,
      "license": "MIT",
      "bin": {
        "marked": "bin/marked.js"
      },
      "engines": {
        "node": ">= 18"
      }
    },
    "../../../../Software/dots/Software/dots/dotfiles/pi/agent/npm/node_modules/minimatch": {
      "version": "10.2.5",
      "resolved": "https://registry.npmjs.org/minimatch/-/minimatch-10.2.5.tgz",
      "integrity": "sha512-MULkVLfKGYDFYejP07QOurDLLQpcjk7Fw+7jXS2R2czRQzR56yHRveU5NDJEOviH+hETZKSkIk5c+T23GjFUMg==",
      "extraneous": true,
      "license": "BlueOak-1.0.0",
      "dependencies": {
        "brace-expansion": "^5.0.5"
      },
      "engines": {
        "node": "18 || 20 || >=22"
      },
      "funding": {
        "url": "https://github.com/sponsors/isaacs"
      }
    },
    "../../../../Software/dots/Software/dots/dotfiles/pi/agent/npm/node_modules/pi-gh-dark-theme": {
      "version": "0.1.0",
      "resolved": "https://registry.npmjs.org/pi-gh-dark-theme/-/pi-gh-dark-theme-0.1.0.tgz",
      "integrity": "sha512-WXCVAyd6GLsNfw1R+h3TBM/HzBJ+gBl5V/zsbhm7ByFRaKMbVXlfMe6spf4X1P/NRDpNRJFJUESuBRoK8wcCgA==",
      "extraneous": true,
      "license": "MIT"
    },
    "../../../../Software/dots/Software/dots/dotfiles/pi/agent/npm/node_modules/pi-lens": {
      "version": "3.8.53",
      "resolved": "https://registry.npmjs.org/pi-lens/-/pi-lens-3.8.53.tgz",
      "integrity": "sha512-kM6X9W1PlOgtoa93tyTW1bzU+hhDy7HjTFwLUd7VybDmgQpRmyZbAlrf0rb2AaSSpOqaCz5QAD/APxLjPXSYKQ==",
      "extraneous": true,
      "hasInstallScript": true,
      "license": "MIT",
      "dependencies": {
        "@ast-grep/napi": "^0.43.0",
        "@earendil-works/pi-tui": "^0.79.1",
        "js-yaml": "^4.1.1",
        "minimatch": "^10.2.5",
        "typebox": "^1.0.0",
        "typescript": "^6.0.3",
        "vscode-jsonrpc": "^9.0.0"
      },
      "bin": {
        "pi-lens-analyze": "dist/mcp/analyze-cli.js",
        "pi-lens-mcp": "dist/mcp/server.js"
      },
      "optionalDependencies": {
        "tree-sitter-wasms": "npm:null@^0.11.0",
        "web-tree-sitter": "0.25.10"
      },
      "peerDependencies": {
        "@earendil-works/pi-coding-agent": "*"
      },
      "peerDependenciesMeta": {
        "@earendil-works/pi-coding-agent": {
          "optional": true
        }
      }
    },
    "../../../../Software/dots/Software/dots/dotfiles/pi/agent/npm/node_modules/pi-nvim": {
      "version": "0.2.4",
      "resolved": "https://registry.npmjs.org/pi-nvim/-/pi-nvim-0.2.4.tgz",
      "integrity": "sha512-d03Lr+vIQp17QGrA5H9YQuv6dxKUxCQywUNVmhhsI4EGnX/aHBz9svoYtI4WRlnx2VA/BsUbjPcbJ20Q84+T0g==",
      "extraneous": true,
      "license": "MIT",
      "peerDependencies": {
        "@earendil-works/pi-coding-agent": "^0.74.0"
      },
      "peerDependenciesMeta": {
        "@earendil-works/pi-coding-agent": {
          "optional": true
        }
      }
    },
    "../../../../Software/dots/Software/dots/dotfiles/pi/agent/npm/node_modules/pi-vim": {
      "version": "0.12.1",
      "resolved": "https://registry.npmjs.org/pi-vim/-/pi-vim-0.12.1.tgz",
      "integrity": "sha512-zAPAS8+pMaM/gjqXZ1PAI3B+N/Q8Q3gWXX+TlUmu9bmBkmuN5XWXdq+6YAGD+W0aHR92HUnrM6o6oD+p8pSO5g==",
      "extraneous": true,
      "license": "MIT",
      "peerDependencies": {
        "@earendil-works/pi-coding-agent": "*",
        "@earendil-works/pi-tui": ">=0.74.0"
      }
    },
    "../../../../Software/dots/Software/dots/dotfiles/pi/agent/npm/node_modules/typebox": {
      "version": "1.2.13",
      "resolved": "https://registry.npmjs.org/typebox/-/typebox-1.2.13.tgz",
      "integrity": "sha512-7bRoSs2aqbiXQ8D/xLG9HVdNqk0poSMkmXjWHi+Yex0Cg6+NQoqJTFAOWNA4mHpW57OEzRvd1pqKOIte7ICPoA==",
      "extraneous": true,
      "license": "MIT"
    },
    "../../../../Software/dots/Software/dots/dotfiles/pi/agent/npm/node_modules/typescript": {
      "version": "6.0.3",
      "resolved": "https://registry.npmjs.org/typescript/-/typescript-6.0.3.tgz",
      "integrity": "sha512-y2TvuxSZPDyQakkFRPZHKFm+KKVqIisdg9/CZwm9ftvKXLP8NRWj38/ODjNbr43SsoXqNuAisEf1GdCxqWcdBw==",
      "extraneous": true,
      "license": "Apache-2.0",
      "bin": {
        "tsc": "bin/tsc",
        "tsserver": "bin/tsserver"
      },
      "engines": {
        "node": ">=14.17"
      }
    },
    "../../../../Software/dots/Software/dots/dotfiles/pi/agent/npm/node_modules/vscode-jsonrpc": {
      "version": "9.0.0",
      "resolved": "https://registry.npmjs.org/vscode-jsonrpc/-/vscode-jsonrpc-9.0.0.tgz",
      "integrity": "sha512-+VvMmQPJhtvJ+8O+zu2JKIRiLxXF8NW7krWgyMGeOHrp4Cn23T5hc0v2LknNeopDOB70wghHAds7mKtcZ0I4Sg==",
      "extraneous": true,
      "license": "MIT",
      "engines": {
        "node": ">=14.0.0"
      }
    },
    "../../../../Software/dots/Software/dots/dotfiles/pi/agent/npm/node_modules/web-tree-sitter": {
      "version": "0.25.10",
      "resolved": "https://registry.npmjs.org/web-tree-sitter/-/web-tree-sitter-0.25.10.tgz",
      "integrity": "sha512-Y09sF44/13XvgVKgO2cNDw5rGk6s26MgoZPXLESvMXeefBf7i6/73eFurre0IsTW6E14Y0ArIzhUMmjoc7xyzA==",
      "extraneous": true,
      "license": "MIT",
      "peerDependencies": {
        "@types/emscripten": "^1.40.0"
      },
      "peerDependenciesMeta": {
        "@types/emscripten": {
          "optional": true
        }
      }
    },
    "../../../../Software/dots/Software/dots/Software/dots/dotfiles/pi/agent/npm/node_modules/pi-gh-dark-theme": {
      "version": "0.1.0",
      "resolved": "https://registry.npmjs.org/pi-gh-dark-theme/-/pi-gh-dark-theme-0.1.0.tgz",
      "integrity": "sha512-WXCVAyd6GLsNfw1R+h3TBM/HzBJ+gBl5V/zsbhm7ByFRaKMbVXlfMe6spf4X1P/NRDpNRJFJUESuBRoK8wcCgA==",
      "extraneous": true,
      "license": "MIT"
    },
    "../../../../Software/dots/Software/dots/Software/dots/dotfiles/pi/agent/npm/node_modules/pi-nvim": {
      "version": "0.2.1",
      "resolved": "https://registry.npmjs.org/pi-nvim/-/pi-nvim-0.2.1.tgz",
      "integrity": "sha512-SDxLOCG4DFDi28WZnxLJZRr5+aGKXNMLhF4Z5vpW8hq3Yv5na3xjsHDYiBEKOtbpkEbi74A+GHEhyTpW/s+IPQ==",
      "extraneous": true,
      "license": "MIT",
      "peerDependencies": {
        "@mariozechner/pi-coding-agent": "^0.61.0"
      },
      "peerDependenciesMeta": {
        "@mariozechner/pi-coding-agent": {
          "optional": true
        }
      }
    },
    "../../../../Software/dots/Software/dots/Software/dots/dotfiles/pi/agent/npm/node_modules/pi-vim": {
      "version": "0.12.1",
      "resolved": "https://registry.npmjs.org/pi-vim/-/pi-vim-0.12.1.tgz",
      "integrity": "sha512-zAPAS8+pMaM/gjqXZ1PAI3B+N/Q8Q3gWXX+TlUmu9bmBkmuN5XWXdq+6YAGD+W0aHR92HUnrM6o6oD+p8pSO5g==",
      "extraneous": true,
      "license": "MIT",
      "peerDependencies": {
        "@earendil-works/pi-coding-agent": "*",
        "@earendil-works/pi-tui": ">=0.74.0"
      }
    }
  }
}
